
Microsoft Visual Studio Solution File, Format Version 12.00
# Visual Studio Version 17
VisualStudioVersion = 17.4.33213.308
MinimumVisualStudioVersion = 10.0.40219.1
Project("{FAE04EC0-301F-11D3-BF4B-00C04F79EFBC}") = "Lab01", "Lab01.csproj", "{BC219DEC-D8CE-4795-A79A-D6B4690EB48D}"
EndProject
Global
	GlobalSection(SolutionConfigurationPlatforms) = preSolution
		Debug|Any CPU = Debug|Any CPU
		Release|Any CPU = Release|Any CPU
	EndGlobalSection
	GlobalSection(ProjectConfigurationPlatforms) = postSolution
		{BC219DEC-D8CE-4795-A79A-D6B4690EB48D}.Debug|Any CPU.ActiveCfg = Debug|Any CPU
		{BC219DEC-D8CE-4795-A79A-D6B4690EB48D}.Debug|Any CPU.Build.0 = Debug|Any CPU
		{BC219DEC-D8CE-4795-A79A-D6B4690EB48D}.Release|Any CPU.ActiveCfg = Release|Any CPU
		{BC219DEC-D8CE-4795-A79A-D6B4690EB48D}.Release|Any CPU.Build.0 = Release|Any CPU
	EndGlobalSection
	GlobalSection(SolutionProperties) = preSolution
		HideSolutionNode = FALSE
	EndGlobalSection
	GlobalSection(ExtensibilityGlobals) = postSolution
		SolutionGuid = {E57C7C4C-5F2D-4B24-823D-321325762AE7}
	EndGlobalSection
EndGlobal
